
Microsoft Visual Studio Solution File, Format Version 12.00
# Visual Studio 15
Project("{FAE04EC0-301F-11D3-BF4B-00C04F79EFBC}") = "FontelloApp.Android", "FontelloApp.Android\FontelloApp.Android.csproj", "{B52A8AB4-13FA-461F-B080-0B5372C82344}"
EndProject
Project("{FAE04EC0-301F-11D3-BF4B-00C04F79EFBC}") = "FontelloApp.iOS", "FontelloApp.iOS\FontelloApp.iOS.csproj", "{708A0058-768C-4494-80F9-3950E94F33D7}"
EndProject
Project("{FAE04EC0-301F-11D3-BF4B-00C04F79EFBC}") = "FontelloApp", "FontelloApp\FontelloApp.csproj", "{589FCD32-076A-4545-AF76-7676BC4FB527}"
EndProject
Global
	GlobalSection(SolutionConfigurationPlatforms) = preSolution
		Debug|Any CPU = Debug|Any CPU
		Release|Any CPU = Release|Any CPU
		Debug|iPhoneSimulator = Debug|iPhoneSimulator
		Release|iPhoneSimulator = Release|iPhoneSimulator
		Debug|iPhone = Debug|iPhone
		Release|iPhone = Release|iPhone
	EndGlobalSection
	GlobalSection(ProjectConfigurationPlatforms) = postSolution
		{B52A8AB4-13FA-461F-B080-0B5372C82344}.Debug|Any CPU.ActiveCfg = Debug|Any CPU
		{B52A8AB4-13FA-461F-B080-0B5372C82344}.Debug|Any CPU.Build.0 = Debug|Any CPU
		{B52A8AB4-13FA-461F-B080-0B5372C82344}.Release|Any CPU.ActiveCfg = Release|Any CPU
		{B52A8AB4-13FA-461F-B080-0B5372C82344}.Release|Any CPU.Build.0 = Release|Any CPU
		{B52A8AB4-13FA-461F-B080-0B5372C82344}.Debug|iPhoneSimulator.ActiveCfg = Debug|Any CPU
		{B52A8AB4-13FA-461F-B080-0B5372C82344}.Debug|iPhoneSimulator.Build.0 = Debug|Any CPU
		{B52A8AB4-13FA-461F-B080-0B5372C82344}.Release|iPhoneSimulator.ActiveCfg = Release|Any CPU
		{B52A8AB4-13FA-461F-B080-0B5372C82344}.Release|iPhoneSimulator.Build.0 = Release|Any CPU
		{B52A8AB4-13FA-461F-B080-0B5372C82344}.Debug|iPhone.ActiveCfg = Debug|Any CPU
		{B52A8AB4-13FA-461F-B080-0B5372C82344}.Debug|iPhone.Build.0 = Debug|Any CPU
		{B52A8AB4-13FA-461F-B080-0B5372C82344}.Release|iPhone.ActiveCfg = Release|Any CPU
		{B52A8AB4-13FA-461F-B080-0B5372C82344}.Release|iPhone.Build.0 = Release|Any CPU
		{708A0058-768C-4494-80F9-3950E94F33D7}.Debug|Any CPU.ActiveCfg = Debug|iPhoneSimulator
		{708A0058-768C-4494-80F9-3950E94F33D7}.Debug|Any CPU.Build.0 = Debug|iPhoneSimulator
		{708A0058-768C-4494-80F9-3950E94F33D7}.Release|Any CPU.ActiveCfg = Release|iPhoneSimulator
		{708A0058-768C-4494-80F9-3950E94F33D7}.Release|Any CPU.Build.0 = Release|iPhoneSimulator
		{708A0058-768C-4494-80F9-3950E94F33D7}.Debug|iPhoneSimulator.ActiveCfg = Debug|iPhoneSimulator
		{708A0058-768C-4494-80F9-3950E94F33D7}.Debug|iPhoneSimulator.Build.0 = Debug|iPhoneSimulator
		{708A0058-768C-4494-80F9-3950E94F33D7}.Release|iPhoneSimulator.ActiveCfg = Release|iPhoneSimulator
		{708A0058-768C-4494-80F9-3950E94F33D7}.Release|iPhoneSimulator.Build.0 = Release|iPhoneSimulator
		{708A0058-768C-4494-80F9-3950E94F33D7}.Debug|iPhone.ActiveCfg = Debug|iPhone
		{708A0058-768C-4494-80F9-3950E94F33D7}.Debug|iPhone.Build.0 = Debug|iPhone
		{708A0058-768C-4494-80F9-3950E94F33D7}.Release|iPhone.ActiveCfg = Release|iPhone
		{708A0058-768C-4494-80F9-3950E94F33D7}.Release|iPhone.Build.0 = Release|iPhone
		{589FCD32-076A-4545-AF76-7676BC4FB527}.Debug|Any CPU.ActiveCfg = Debug|Any CPU
		{589FCD32-076A-4545-AF76-7676BC4FB527}.Debug|Any CPU.Build.0 = Debug|Any CPU
		{589FCD32-076A-4545-AF76-7676BC4FB527}.Release|Any CPU.ActiveCfg = Release|Any CPU
		{589FCD32-076A-4545-AF76-7676BC4FB527}.Release|Any CPU.Build.0 = Release|Any CPU
		{589FCD32-076A-4545-AF76-7676BC4FB527}.Debug|iPhoneSimulator.ActiveCfg = Debug|Any CPU
		{589FCD32-076A-4545-AF76-7676BC4FB527}.Debug|iPhoneSimulator.Build.0 = Debug|Any CPU
		{589FCD32-076A-4545-AF76-7676BC4FB527}.Release|iPhoneSimulator.ActiveCfg = Release|Any CPU
		{589FCD32-076A-4545-AF76-7676BC4FB527}.Release|iPhoneSimulator.Build.0 = Release|Any CPU
		{589FCD32-076A-4545-AF76-7676BC4FB527}.Debug|iPhone.ActiveCfg = Debug|Any CPU
		{589FCD32-076A-4545-AF76-7676BC4FB527}.Debug|iPhone.Build.0 = Debug|Any CPU
		{589FCD32-076A-4545-AF76-7676BC4FB527}.Release|iPhone.ActiveCfg = Release|Any CPU
		{589FCD32-076A-4545-AF76-7676BC4FB527}.Release|iPhone.Build.0 = Release|Any CPU
	EndGlobalSection
EndGlobal
